
Microsoft Visual Studio Solution File, Format Version 12.00
Project("{FAE04EC0-301F-11D3-BF4B-00C04F79EFBC}") = "VoxHubService", "VoxHubService\VoxHubService.csproj", "{23F70D01-F15D-4763-8650-696E6B91D095}"
EndProject
Global
	GlobalSection(SolutionConfigurationPlatforms) = preSolution
		Debug|Any CPU = Debug|Any CPU
		Release|Any CPU = Release|Any CPU
	EndGlobalSection
	GlobalSection(ProjectConfigurationPlatforms) = postSolution
		{23F70D01-F15D-4763-8650-696E6B91D095}.Debug|Any CPU.ActiveCfg = Debug|Any CPU
		{23F70D01-F15D-4763-8650-696E6B91D095}.Debug|Any CPU.Build.0 = Debug|Any CPU
		{23F70D01-F15D-4763-8650-696E6B91D095}.Release|Any CPU.ActiveCfg = Release|Any CPU
		{23F70D01-F15D-4763-8650-696E6B91D095}.Release|Any CPU.Build.0 = Release|Any CPU
	EndGlobalSection
EndGlobal
